// !$*UTF8*$!
{
	archiveVersion = 1;
	classes = {
	};
	objectVersion = 77;
	objects = {

/* Begin PBXBuildFile section */
		543C44BC2D3BDBAE00281A8B /* Code128BarcodeGenerator.swift in Sources */ = {isa = PBXBuildFile; fileRef = 543C44BB2D3BDBAE00281A8B /* Code128BarcodeGenerator.swift */; };
		54A3B06E2CDE2D0E00B5BF37 /* SwissWalletApp.swift in Sources */ = {isa = PBXBuildFile; fileRef = 54A3B06D2CDE2D0E00B5BF37 /* SwissWalletApp.swift */; };
		54A3B0702CDE2D0E00B5BF37 /* ContentView.swift in Sources */ = {isa = PBXBuildFile; fileRef = 54A3B06F2CDE2D0E00B5BF37 /* ContentView.swift */; };
		54A3B0722CDE2D0F00B5BF37 /* Assets.xcassets in Resources */ = {isa = PBXBuildFile; fileRef = 54A3B0712CDE2D0F00B5BF37 /* Assets.xcassets */; };
		54A3B0772CDE2D0F00B5BF37 /* Persistence.swift in Sources */ = {isa = PBXBuildFile; fileRef = 54A3B0762CDE2D0F00B5BF37 /* Persistence.swift */; };
		54A3B07A2CDE2D0F00B5BF37 /* SwissWallet.xcdatamodeld in Sources */ = {isa = PBXBuildFile; fileRef = 54A3B0782CDE2D0F00B5BF37 /* SwissWallet.xcdatamodeld */; };
		54A3B0852CDE2D9D00B5BF37 /* EAN13BarcodeGenerator.swift in Sources */ = {isa = PBXBuildFile; fileRef = 54A3B0842CDE2D9D00B5BF37 /* EAN13BarcodeGenerator.swift */; };
		54A3B0872CDE2EAF00B5BF37 /* AddBarcodeView.swift in Sources */ = {isa = PBXBuildFile; fileRef = 54A3B0862CDE2EA400B5BF37 /* AddBarcodeView.swift */; };
		54A3B0892CDE2F0600B5BF37 /* BarcodeDetailView.swift in Sources */ = {isa = PBXBuildFile; fileRef = 54A3B0882CDE2F0100B5BF37 /* BarcodeDetailView.swift */; };
		54BCA7302CDF6608004A55B1 /* QRCodeGenerator.swift in Sources */ = {isa = PBXBuildFile; fileRef = 54BCA72F2CDF6608004A55B1 /* QRCodeGenerator.swift */; };
/* End PBXBuildFile section */

/* Begin PBXFileReference section */
		543C44BB2D3BDBAE00281A8B /* Code128BarcodeGenerator.swift */ = {isa = PBXFileReference; lastKnownFileType = sourcecode.swift; path = Code128BarcodeGenerator.swift; sourceTree = "<group>"; };
		54457EDE2CE9EAD100900778 /* SwissWallet.entitlements */ = {isa = PBXFileReference; lastKnownFileType = text.plist.entitlements; path = SwissWallet.entitlements; sourceTree = "<group>"; };
		54A3B06D2CDE2D0E00B5BF37 /* SwissWalletApp.swift */ = {isa = PBXFileReference; lastKnownFileType = sourcecode.swift; path = SwissWalletApp.swift; sourceTree = "<group>"; };
		54A3B06F2CDE2D0E00B5BF37 /* ContentView.swift */ = {isa = PBXFileReference; lastKnownFileType = sourcecode.swift; path = ContentView.swift; sourceTree = "<group>"; };
		54A3B0712CDE2D0F00B5BF37 /* Assets.xcassets */ = {isa = PBXFileReference; lastKnownFileType = folder.assetcatalog; path = Assets.xcassets; sourceTree = "<group>"; };
		54A3B0762CDE2D0F00B5BF37 /* Persistence.swift */ = {isa = PBXFileReference; lastKnownFileType = sourcecode.swift; path = Persistence.swift; sourceTree = "<group>"; };
		54A3B0792CDE2D0F00B5BF37 /* SwissWallet.xcdatamodel */ = {isa = PBXFileReference; lastKnownFileType = wrapper.xcdatamodel; path = SwissWallet.xcdatamodel; sourceTree = "<group>"; };
		54A3B0832CDE2D5000B5BF37 /* SwissWallet.app */ = {isa = PBXFileReference; explicitFileType = wrapper.application; includeInIndex = 0; path = SwissWallet.app; sourceTree = BUILT_PRODUCTS_DIR; };
		54A3B0842CDE2D9D00B5BF37 /* EAN13BarcodeGenerator.swift */ = {isa = PBXFileReference; lastKnownFileType = sourcecode.swift; path = EAN13BarcodeGenerator.swift; sourceTree = "<group>"; };
		54A3B0862CDE2EA400B5BF37 /* AddBarcodeView.swift */ = {isa = PBXFileReference; lastKnownFileType = sourcecode.swift; path = AddBarcodeView.swift; sourceTree = "<group>"; };
		54A3B0882CDE2F0100B5BF37 /* BarcodeDetailView.swift */ = {isa = PBXFileReference; lastKnownFileType = sourcecode.swift; path = BarcodeDetailView.swift; sourceTree = "<group>"; };
		54BCA72F2CDF6608004A55B1 /* QRCodeGenerator.swift */ = {isa = PBXFileReference; lastKnownFileType = sourcecode.swift; path = QRCodeGenerator.swift; sourceTree = "<group>"; };
/* End PBXFileReference section */

/* Begin PBXFileSystemSynchronizedRootGroup section */
		54A3B0812CDE2D1500B5BF37 /* Preview Content */ = {
			isa = PBXFileSystemSynchronizedRootGroup;
			path = "Preview Content";
			sourceTree = "<group>";
		};
/* End PBXFileSystemSynchronizedRootGroup section */

/* Begin PBXFrameworksBuildPhase section */
		54A3B0672CDE2D0E00B5BF37 /* Frameworks */ = {
			isa = PBXFrameworksBuildPhase;
			buildActionMask = 2147483647;
			files = (
			);
			runOnlyForDeploymentPostprocessing = 0;
		};
/* End PBXFrameworksBuildPhase section */

/* Begin PBXGroup section */
		54A3B0612CDE2D0E00B5BF37 = {
			isa = PBXGroup;
			children = (
				54457EDE2CE9EAD100900778 /* SwissWallet.entitlements */,
				54A3B0812CDE2D1500B5BF37 /* Preview Content */,
				54A3B0712CDE2D0F00B5BF37 /* Assets.xcassets */,
				54A3B06F2CDE2D0E00B5BF37 /* ContentView.swift */,
				54A3B0762CDE2D0F00B5BF37 /* Persistence.swift */,
				54A3B0782CDE2D0F00B5BF37 /* SwissWallet.xcdatamodeld */,
				54A3B06D2CDE2D0E00B5BF37 /* SwissWalletApp.swift */,
				54A3B0862CDE2EA400B5BF37 /* AddBarcodeView.swift */,
				54A3B0882CDE2F0100B5BF37 /* BarcodeDetailView.swift */,
				543C44BB2D3BDBAE00281A8B /* Code128BarcodeGenerator.swift */,
				54BCA72F2CDF6608004A55B1 /* QRCodeGenerator.swift */,
				54A3B0842CDE2D9D00B5BF37 /* EAN13BarcodeGenerator.swift */,
				54A3B0832CDE2D5000B5BF37 /* SwissWallet.app */,
			);
			sourceTree = "<group>";
		};
/* End PBXGroup section */

/* Begin PBXNativeTarget section */
		54A3B0692CDE2D0E00B5BF37 /* SwissWallet */ = {
			isa = PBXNativeTarget;
			buildConfigurationList = 54A3B07D2CDE2D0F00B5BF37 /* Build configuration list for PBXNativeTarget "SwissWallet" */;
			buildPhases = (
				54A3B0662CDE2D0E00B5BF37 /* Sources */,
				54A3B0672CDE2D0E00B5BF37 /* Frameworks */,
				54A3B0682CDE2D0E00B5BF37 /* Resources */,
			);
			buildRules = (
			);
			dependencies = (
			);
			fileSystemSynchronizedGroups = (
				54A3B0812CDE2D1500B5BF37 /* Preview Content */,
			);
			name = SwissWallet;
			packageProductDependencies = (
			);
			productName = SwissWallet;
			productReference = 54A3B0832CDE2D5000B5BF37 /* SwissWallet.app */;
			productType = "com.apple.product-type.application";
		};
/* End PBXNativeTarget section */

/* Begin PBXProject section */
		54A3B0622CDE2D0E00B5BF37 /* Project object */ = {
			isa = PBXProject;
			attributes = {
				BuildIndependentTargetsInParallel = 1;
				LastSwiftUpdateCheck = 1610;
				LastUpgradeCheck = 1610;
				TargetAttributes = {
					54A3B0692CDE2D0E00B5BF37 = {
						CreatedOnToolsVersion = 16.1;
					};
				};
			};
			buildConfigurationList = 54A3B0652CDE2D0E00B5BF37 /* Build configuration list for PBXProject "SwissWallet" */;
			developmentRegion = en;
			hasScannedForEncodings = 0;
			knownRegions = (
				en,
				Base,
			);
			mainGroup = 54A3B0612CDE2D0E00B5BF37;
			minimizedProjectReferenceProxies = 1;
			preferredProjectObjectVersion = 77;
			productRefGroup = 54A3B0612CDE2D0E00B5BF37;
			projectDirPath = "";
			projectRoot = "";
			targets = (
				54A3B0692CDE2D0E00B5BF37 /* SwissWallet */,
			);
		};
/* End PBXProject section */

/* Begin PBXResourcesBuildPhase section */
		54A3B0682CDE2D0E00B5BF37 /* Resources */ = {
			isa = PBXResourcesBuildPhase;
			buildActionMask = 2147483647;
			files = (
				54A3B0722CDE2D0F00B5BF37 /* Assets.xcassets in Resources */,
			);
			runOnlyForDeploymentPostprocessing = 0;
		};
/* End PBXResourcesBuildPhase section */

/* Begin PBXSourcesBuildPhase section */
		54A3B0662CDE2D0E00B5BF37 /* Sources */ = {
			isa = PBXSourcesBuildPhase;
			buildActionMask = 2147483647;
			files = (
				543C44BC2D3BDBAE00281A8B /* Code128BarcodeGenerator.swift in Sources */,
				54A3B0772CDE2D0F00B5BF37 /* Persistence.swift in Sources */,
				54A3B0852CDE2D9D00B5BF37 /* EAN13BarcodeGenerator.swift in Sources */,
				54A3B0702CDE2D0E00B5BF37 /* ContentView.swift in Sources */,
				54A3B07A2CDE2D0F00B5BF37 /* SwissWallet.xcdatamodeld in Sources */,
				54A3B06E2CDE2D0E00B5BF37 /* SwissWalletApp.swift in Sources */,
				54BCA7302CDF6608004A55B1 /* QRCodeGenerator.swift in Sources */,
				54A3B0892CDE2F0600B5BF37 /* BarcodeDetailView.swift in Sources */,
				54A3B0872CDE2EAF00B5BF37 /* AddBarcodeView.swift in Sources */,
			);
			runOnlyForDeploymentPostprocessing = 0;
		};
/* End PBXSourcesBuildPhase section */

/* Begin XCBuildConfiguration section */
		54A3B07B2CDE2D0F00B5BF37 /* Debug */ = {
			isa = XCBuildConfiguration;
			buildSettings = {
				ALWAYS_SEARCH_USER_PATHS = NO;
				ASSETCATALOG_COMPILER_GENERATE_SWIFT_ASSET_SYMBOL_EXTENSIONS = YES;
				CLANG_ANALYZER_NONNULL = YES;
				CLANG_ANALYZER_NUMBER_OBJECT_CONVERSION = YES_AGGRESSIVE;
				CLANG_CXX_LANGUAGE_STANDARD = "gnu++20";
				CLANG_ENABLE_MODULES = YES;
				CLANG_ENABLE_OBJC_ARC = YES;
				CLANG_ENABLE_OBJC_WEAK = YES;
				CLANG_WARN_BLOCK_CAPTURE_AUTORELEASING = YES;
				CLANG_WARN_BOOL_CONVERSION = YES;
				CLANG_WARN_COMMA = YES;
				CLANG_WARN_CONSTANT_CONVERSION = YES;
				CLANG_WARN_DEPRECATED_OBJC_IMPLEMENTATIONS = YES;
				CLANG_WARN_DIRECT_OBJC_ISA_USAGE = YES_ERROR;
				CLANG_WARN_DOCUMENTATION_COMMENTS = YES;
				CLANG_WARN_EMPTY_BODY = YES;
				CLANG_WARN_ENUM_CONVERSION = YES;
				CLANG_WARN_INFINITE_RECURSION = YES;
				CLANG_WARN_INT_CONVERSION = YES;
				CLANG_WARN_NON_LITERAL_NULL_CONVERSION = YES;
				CLANG_WARN_OBJC_IMPLICIT_RETAIN_SELF = YES;
				CLANG_WARN_OBJC_LITERAL_CONVERSION = YES;
				CLANG_WARN_OBJC_ROOT_CLASS = YES_ERROR;
				CLANG_WARN_QUOTED_INCLUDE_IN_FRAMEWORK_HEADER = YES;
				CLANG_WARN_RANGE_LOOP_ANALYSIS = YES;
				CLANG_WARN_STRICT_PROTOTYPES = YES;
				CLANG_WARN_SUSPICIOUS_MOVE = YES;
				CLANG_WARN_UNGUARDED_AVAILABILITY = YES_AGGRESSIVE;
				CLANG_WARN_UNREACHABLE_CODE = YES;
				CLANG_WARN__DUPLICATE_METHOD_MATCH = YES;
				COPY_PHASE_STRIP = NO;
				DEBUG_INFORMATION_FORMAT = dwarf;
				ENABLE_STRICT_OBJC_MSGSEND = YES;
				ENABLE_TESTABILITY = YES;
				ENABLE_USER_SCRIPT_SANDBOXING = YES;
				GCC_C_LANGUAGE_STANDARD = gnu17;
				GCC_DYNAMIC_NO_PIC = NO;
				GCC_NO_COMMON_BLOCKS = YES;
				GCC_OPTIMIZATION_LEVEL = 0;
				GCC_PREPROCESSOR_DEFINITIONS = (
					"DEBUG=1",
					"$(inherited)",
				);
				GCC_WARN_64_TO_32_BIT_CONVERSION = YES;
				GCC_WARN_ABOUT_RETURN_TYPE = YES_ERROR;
				GCC_WARN_UNDECLARED_SELECTOR = YES;
				GCC_WARN_UNINITIALIZED_AUTOS = YES_AGGRESSIVE;
				GCC_WARN_UNUSED_FUNCTION = YES;
				GCC_WARN_UNUSED_VARIABLE = YES;
				IPHONEOS_DEPLOYMENT_TARGET = 18.1;
				LOCALIZATION_PREFERS_STRING_CATALOGS = YES;
				MTL_ENABLE_DEBUG_INFO = INCLUDE_SOURCE;
				MTL_FAST_MATH = YES;
				ONLY_ACTIVE_ARCH = YES;
				SDKROOT = iphoneos;
				SWIFT_ACTIVE_COMPILATION_CONDITIONS = "DEBUG $(inherited)";
				SWIFT_OPTIMIZATION_LEVEL = "-Onone";
			};
			name = Debug;
		};
		54A3B07C2CDE2D0F00B5BF37 /* Release */ = {
			isa = XCBuildConfiguration;
			buildSettings = {
				ALWAYS_SEARCH_USER_PATHS = NO;
				ASSETCATALOG_COMPILER_GENERATE_SWIFT_ASSET_SYMBOL_EXTENSIONS = YES;
				CLANG_ANALYZER_NONNULL = YES;
				CLANG_ANALYZER_NUMBER_OBJECT_CONVERSION = YES_AGGRESSIVE;
				CLANG_CXX_LANGUAGE_STANDARD = "gnu++20";
				CLANG_ENABLE_MODULES = YES;
				CLANG_ENABLE_OBJC_ARC = YES;
				CLANG_ENABLE_OBJC_WEAK = YES;
				CLANG_WARN_BLOCK_CAPTURE_AUTORELEASING = YES;
				CLANG_WARN_BOOL_CONVERSION = YES;
				CLANG_WARN_COMMA = YES;
				CLANG_WARN_CONSTANT_CONVERSION = YES;
				CLANG_WARN_DEPRECATED_OBJC_IMPLEMENTATIONS = YES;
				CLANG_WARN_DIRECT_OBJC_ISA_USAGE = YES_ERROR;
				CLANG_WARN_DOCUMENTATION_COMMENTS = YES;
				CLANG_WARN_EMPTY_BODY = YES;
				CLANG_WARN_ENUM_CONVERSION = YES;
				CLANG_WARN_INFINITE_RECURSION = YES;
				CLANG_WARN_INT_CONVERSION = YES;
				CLANG_WARN_NON_LITERAL_NULL_CONVERSION = YES;
				CLANG_WARN_OBJC_IMPLICIT_RETAIN_SELF = YES;
				CLANG_WARN_OBJC_LITERAL_CONVERSION = YES;
				CLANG_WARN_OBJC_ROOT_CLASS = YES_ERROR;
				CLANG_WARN_QUOTED_INCLUDE_IN_FRAMEWORK_HEADER = YES;
				CLANG_WARN_RANGE_LOOP_ANALYSIS = YES;
				CLANG_WARN_STRICT_PROTOTYPES = YES;
				CLANG_WARN_SUSPICIOUS_MOVE = YES;
				CLANG_WARN_UNGUARDED_AVAILABILITY = YES_AGGRESSIVE;
				CLANG_WARN_UNREACHABLE_CODE = YES;
				CLANG_WARN__DUPLICATE_METHOD_MATCH = YES;
				COPY_PHASE_STRIP = NO;
				DEBUG_INFORMATION_FORMAT = "dwarf-with-dsym";
				ENABLE_NS_ASSERTIONS = NO;
				ENABLE_STRICT_OBJC_MSGSEND = YES;
				ENABLE_USER_SCRIPT_SANDBOXING = YES;
				GCC_C_LANGUAGE_STANDARD = gnu17;
				GCC_NO_COMMON_BLOCKS = YES;
				GCC_WARN_64_TO_32_BIT_CONVERSION = YES;
				GCC_WARN_ABOUT_RETURN_TYPE = YES_ERROR;
				GCC_WARN_UNDECLARED_SELECTOR = YES;
				GCC_WARN_UNINITIALIZED_AUTOS = YES_AGGRESSIVE;
				GCC_WARN_UNUSED_FUNCTION = YES;
				GCC_WARN_UNUSED_VARIABLE = YES;
				IPHONEOS_DEPLOYMENT_TARGET = 18.1;
				LOCALIZATION_PREFERS_STRING_CATALOGS = YES;
				MTL_ENABLE_DEBUG_INFO = NO;
				MTL_FAST_MATH = YES;
				SDKROOT = iphoneos;
				SWIFT_COMPILATION_MODE = wholemodule;
				VALIDATE_PRODUCT = YES;
			};
			name = Release;
		};
		54A3B07E2CDE2D0F00B5BF37 /* Debug */ = {
			isa = XCBuildConfiguration;
			buildSettings = {
				ASSETCATALOG_COMPILER_APPICON_NAME = AppIcon;
				ASSETCATALOG_COMPILER_GLOBAL_ACCENT_COLOR_NAME = AccentColor;
				CODE_SIGN_ENTITLEMENTS = SwissWallet.entitlements;
				CODE_SIGN_STYLE = Automatic;
				CURRENT_PROJECT_VERSION = 1.1;
				DEVELOPMENT_ASSET_PATHS = "\"Preview Content\"";
				DEVELOPMENT_TEAM = 64H4N973WP;
				ENABLE_PREVIEWS = YES;
				GENERATE_INFOPLIST_FILE = YES;
				INFOPLIST_KEY_UIApplicationSceneManifest_Generation = YES;
				INFOPLIST_KEY_UIApplicationSupportsIndirectInputEvents = YES;
				INFOPLIST_KEY_UILaunchScreen_Generation = YES;
				INFOPLIST_KEY_UISupportedInterfaceOrientations_iPad = "UIInterfaceOrientationPortrait UIInterfaceOrientationPortraitUpsideDown UIInterfaceOrientationLandscapeLeft UIInterfaceOrientationLandscapeRight";
				INFOPLIST_KEY_UISupportedInterfaceOrientations_iPhone = "UIInterfaceOrientationPortrait UIInterfaceOrientationLandscapeLeft UIInterfaceOrientationLandscapeRight";
				LD_RUNPATH_SEARCH_PATHS = (
					"$(inherited)",
					"@executable_path/Frameworks",
				);
				MARKETING_VERSION = 1.2;
				PRODUCT_BUNDLE_IDENTIFIER = "ValiQ-Security.SwissWallet";
				PRODUCT_NAME = "$(TARGET_NAME)";
				REGISTER_APP_GROUPS = NO;
				SUPPORTED_PLATFORMS = "iphoneos iphonesimulator";
				SUPPORTS_MACCATALYST = YES;
				SUPPORTS_MAC_DESIGNED_FOR_IPHONE_IPAD = YES;
				SWIFT_EMIT_LOC_STRINGS = YES;
				SWIFT_VERSION = 5.0;
				TARGETED_DEVICE_FAMILY = "1,2";
			};
			name = Debug;
		};
		54A3B07F2CDE2D0F00B5BF37 /* Release */ = {
			isa = XCBuildConfiguration;
			buildSettings = {
				ASSETCATALOG_COMPILER_APPICON_NAME = AppIcon;
				ASSETCATALOG_COMPILER_GLOBAL_ACCENT_COLOR_NAME = AccentColor;
				CODE_SIGN_ENTITLEMENTS = SwissWallet.entitlements;
				CODE_SIGN_STYLE = Automatic;
				CURRENT_PROJECT_VERSION = 1.1;
				DEVELOPMENT_ASSET_PATHS = "\"Preview Content\"";
				DEVELOPMENT_TEAM = 64H4N973WP;
				ENABLE_PREVIEWS = YES;
				GENERATE_INFOPLIST_FILE = YES;
				INFOPLIST_KEY_UIApplicationSceneManifest_Generation = YES;
				INFOPLIST_KEY_UIApplicationSupportsIndirectInputEvents = YES;
				INFOPLIST_KEY_UILaunchScreen_Generation = YES;
				INFOPLIST_KEY_UISupportedInterfaceOrientations_iPad = "UIInterfaceOrientationPortrait UIInterfaceOrientationPortraitUpsideDown UIInterfaceOrientationLandscapeLeft UIInterfaceOrientationLandscapeRight";
				INFOPLIST_KEY_UISupportedInterfaceOrientations_iPhone = "UIInterfaceOrientationPortrait UIInterfaceOrientationLandscapeLeft UIInterfaceOrientationLandscapeRight";
				LD_RUNPATH_SEARCH_PATHS = (
					"$(inherited)",
					"@executable_path/Frameworks",
				);
				MARKETING_VERSION = 1.2;
				PRODUCT_BUNDLE_IDENTIFIER = "ValiQ-Security.SwissWallet";
				PRODUCT_NAME = "$(TARGET_NAME)";
				REGISTER_APP_GROUPS = NO;
				SUPPORTED_PLATFORMS = "iphoneos iphonesimulator";
				SUPPORTS_MACCATALYST = YES;
				SUPPORTS_MAC_DESIGNED_FOR_IPHONE_IPAD = YES;
				SWIFT_EMIT_LOC_STRINGS = YES;
				SWIFT_VERSION = 5.0;
				TARGETED_DEVICE_FAMILY = "1,2";
			};
			name = Release;
		};
/* End XCBuildConfiguration section */

/* Begin XCConfigurationList section */
		54A3B0652CDE2D0E00B5BF37 /* Build configuration list for PBXProject "SwissWallet" */ = {
			isa = XCConfigurationList;
			buildConfigurations = (
				54A3B07B2CDE2D0F00B5BF37 /* Debug */,
				54A3B07C2CDE2D0F00B5BF37 /* Release */,
			);
			defaultConfigurationIsVisible = 0;
			defaultConfigurationName = Release;
		};
		54A3B07D2CDE2D0F00B5BF37 /* Build configuration list for PBXNativeTarget "SwissWallet" */ = {
			isa = XCConfigurationList;
			buildConfigurations = (
				54A3B07E2CDE2D0F00B5BF37 /* Debug */,
				54A3B07F2CDE2D0F00B5BF37 /* Release */,
			);
			defaultConfigurationIsVisible = 0;
			defaultConfigurationName = Release;
		};
/* End XCConfigurationList section */

/* Begin XCVersionGroup section */
		54A3B0782CDE2D0F00B5BF37 /* SwissWallet.xcdatamodeld */ = {
			isa = XCVersionGroup;
			children = (
				54A3B0792CDE2D0F00B5BF37 /* SwissWallet.xcdatamodel */,
			);
			currentVersion = 54A3B0792CDE2D0F00B5BF37 /* SwissWallet.xcdatamodel */;
			path = SwissWallet.xcdatamodeld;
			sourceTree = "<group>";
			versionGroupType = wrapper.xcdatamodel;
		};
/* End XCVersionGroup section */
	};
	rootObject = 54A3B0622CDE2D0E00B5BF37 /* Project object */;
}
